
Microsoft Visual Studio Solution File, Format Version 12.00
# Visual Studio 2012
Project("{FAE04EC0-301F-11D3-BF4B-00C04F79EFBC}") = "WindowsFormsApplication1", "WindowsFormsApplication1\WindowsFormsApplication1.csproj", "{ABAD4A20-0264-4853-AE41-8882B3ED3A12}"
EndProject
Global
	GlobalSection(SolutionConfigurationPlatforms) = preSolution
		Debug|Any CPU = Debug|Any CPU
		Release|Any CPU = Release|Any CPU
	EndGlobalSection
	GlobalSection(ProjectConfigurationPlatforms) = postSolution
		{ABAD4A20-0264-4853-AE41-8882B3ED3A12}.Debug|Any CPU.ActiveCfg = Debug|Any CPU
		{ABAD4A20-0264-4853-AE41-8882B3ED3A12}.Debug|Any CPU.Build.0 = Debug|Any CPU
		{ABAD4A20-0264-4853-AE41-8882B3ED3A12}.Release|Any CPU.ActiveCfg = Release|Any CPU
		{ABAD4A20-0264-4853-AE41-8882B3ED3A12}.Release|Any CPU.Build.0 = Release|Any CPU
	EndGlobalSection
	GlobalSection(SolutionProperties) = preSolution
		HideSolutionNode = FALSE
	EndGlobalSection
EndGlobal
